
Microsoft Visual Studio Solution File, Format Version 12.00
# Visual Studio Version 16
VisualStudioVersion = 16.0.29920.165
MinimumVisualStudioVersion = 10.0.40219.1
Project("{8BC9CEB8-8B4A-11D0-8D11-00A0C91BC942}") = "Le Puissance-4", "Le Puissance-4\Le Puissance-4.vcxproj", "{AD616AFE-AAFD-41AE-97D8-FF524CCB4E72}"
EndProject
Global
	GlobalSection(SolutionConfigurationPlatforms) = preSolution
		Debug|x64 = Debug|x64
		Debug|x86 = Debug|x86
		Release|x64 = Release|x64
		Release|x86 = Release|x86
	EndGlobalSection
	GlobalSection(ProjectConfigurationPlatforms) = postSolution
		{AD616AFE-AAFD-41AE-97D8-FF524CCB4E72}.Debug|x64.ActiveCfg = Debug|x64
		{AD616AFE-AAFD-41AE-97D8-FF524CCB4E72}.Debug|x64.Build.0 = Debug|x64
		{AD616AFE-AAFD-41AE-97D8-FF524CCB4E72}.Debug|x86.ActiveCfg = Debug|Win32
		{AD616AFE-AAFD-41AE-97D8-FF524CCB4E72}.Debug|x86.Build.0 = Debug|Win32
		{AD616AFE-AAFD-41AE-97D8-FF524CCB4E72}.Release|x64.ActiveCfg = Release|x64
		{AD616AFE-AAFD-41AE-97D8-FF524CCB4E72}.Release|x64.Build.0 = Release|x64
		{AD616AFE-AAFD-41AE-97D8-FF524CCB4E72}.Release|x86.ActiveCfg = Release|Win32
		{AD616AFE-AAFD-41AE-97D8-FF524CCB4E72}.Release|x86.Build.0 = Release|Win32
	EndGlobalSection
	GlobalSection(SolutionProperties) = preSolution
		HideSolutionNode = FALSE
	EndGlobalSection
	GlobalSection(ExtensibilityGlobals) = postSolution
		SolutionGuid = {0D96D1C9-58F5-4B99-B32F-EEE0397A267A}
	EndGlobalSection
EndGlobal
